// !$*UTF8*$!
{
	archiveVersion = 1;
	classes = {
	};
	objectVersion = 77;
	objects = {

/* Begin PBXBuildFile section */
		89386ED72F11534E00150F64 /* LoginView.swift in Sources */ = {isa = PBXBuildFile; fileRef = 89386ED62F11534E00150F64 /* LoginView.swift */; };
		89386ED92F1155E500150F64 /* RegisterView.swift in Sources */ = {isa = PBXBuildFile; fileRef = 89386ED82F1155E500150F64 /* RegisterView.swift */; };
		89386EDD2F1167A300150F64 /* HomeView.swift in Sources */ = {isa = PBXBuildFile; fileRef = 89386EDC2F1167A300150F64 /* HomeView.swift */; };
		89386EE12F11763400150F64 /* FirebaseFirestore in Frameworks */ = {isa = PBXBuildFile; productRef = 89386EE02F11763400150F64 /* FirebaseFirestore */; };
		897C93BC2F114D2500F0C51B /* FirebaseAuth in Frameworks */ = {isa = PBXBuildFile; productRef = 897C93BB2F114D2500F0C51B /* FirebaseAuth */; };
		897C93BE2F114D2500F0C51B /* FirebaseDatabase in Frameworks */ = {isa = PBXBuildFile; productRef = 897C93BD2F114D2500F0C51B /* FirebaseDatabase */; };
		898B7C292F1A769100F8460D /* AddBuildingView 2.swift in Sources */ = {isa = PBXBuildFile; fileRef = 898B7C282F1A769100F8460D /* AddBuildingView 2.swift */; };
		898B7C2B2F1A769200F8460D /* BuildingSaving.swift in Sources */ = {isa = PBXBuildFile; fileRef = 898B7C2A2F1A769200F8460D /* BuildingSaving.swift */; };
		898B7C2D2F1A769400F8460D /* FirebaseBuildingSaver.swift in Sources */ = {isa = PBXBuildFile; fileRef = 898B7C2C2F1A769400F8460D /* FirebaseBuildingSaver.swift */; };
		898B7C2F2F1A769500F8460D /* MockBuildingSaver.swift in Sources */ = {isa = PBXBuildFile; fileRef = 898B7C2E2F1A769500F8460D /* MockBuildingSaver.swift */; };
/* End PBXBuildFile section */

/* Begin PBXFileReference section */
		89386ED62F11534E00150F64 /* LoginView.swift */ = {isa = PBXFileReference; lastKnownFileType = sourcecode.swift; path = LoginView.swift; sourceTree = "<group>"; };
		89386ED82F1155E500150F64 /* RegisterView.swift */ = {isa = PBXFileReference; lastKnownFileType = sourcecode.swift; path = RegisterView.swift; sourceTree = "<group>"; };
		89386EDC2F1167A300150F64 /* HomeView.swift */ = {isa = PBXFileReference; lastKnownFileType = sourcecode.swift; path = HomeView.swift; sourceTree = "<group>"; };
		897C939F2F11436D00F0C51B /* CleanTrack2.app */ = {isa = PBXFileReference; explicitFileType = wrapper.application; includeInIndex = 0; path = CleanTrack2.app; sourceTree = BUILT_PRODUCTS_DIR; };
		898B7C282F1A769100F8460D /* AddBuildingView 2.swift */ = {isa = PBXFileReference; lastKnownFileType = sourcecode.swift; path = "AddBuildingView 2.swift"; sourceTree = "<group>"; };
		898B7C2A2F1A769200F8460D /* BuildingSaving.swift */ = {isa = PBXFileReference; lastKnownFileType = sourcecode.swift; path = BuildingSaving.swift; sourceTree = "<group>"; };
		898B7C2C2F1A769400F8460D /* FirebaseBuildingSaver.swift */ = {isa = PBXFileReference; lastKnownFileType = sourcecode.swift; path = FirebaseBuildingSaver.swift; sourceTree = "<group>"; };
		898B7C2E2F1A769500F8460D /* MockBuildingSaver.swift */ = {isa = PBXFileReference; lastKnownFileType = sourcecode.swift; path = MockBuildingSaver.swift; sourceTree = "<group>"; };
/* End PBXFileReference section */

/* Begin PBXFileSystemSynchronizedRootGroup section */
		897C93A12F11436D00F0C51B /* CleanTrack2.0 */ = {
			isa = PBXFileSystemSynchronizedRootGroup;
			path = CleanTrack2.0;
			sourceTree = "<group>";
		};
/* End PBXFileSystemSynchronizedRootGroup section */

/* Begin PBXFrameworksBuildPhase section */
		897C939C2F11436D00F0C51B /* Frameworks */ = {
			isa = PBXFrameworksBuildPhase;
			buildActionMask = 2147483647;
			files = (
				897C93BE2F114D2500F0C51B /* FirebaseDatabase in Frameworks */,
				897C93BC2F114D2500F0C51B /* FirebaseAuth in Frameworks */,
				89386EE12F11763400150F64 /* FirebaseFirestore in Frameworks */,
			);
			runOnlyForDeploymentPostprocessing = 0;
		};
/* End PBXFrameworksBuildPhase section */

/* Begin PBXGroup section */
		89386ED32F11524200150F64 /* Views */ = {
			isa = PBXGroup;
			children = (
				89386ED62F11534E00150F64 /* LoginView.swift */,
				89386EDC2F1167A300150F64 /* HomeView.swift */,
				89386ED82F1155E500150F64 /* RegisterView.swift */,
				898B7C282F1A769100F8460D /* AddBuildingView 2.swift */,
				898B7C2A2F1A769200F8460D /* BuildingSaving.swift */,
				898B7C2C2F1A769400F8460D /* FirebaseBuildingSaver.swift */,
				898B7C2E2F1A769500F8460D /* MockBuildingSaver.swift */,
			);
			path = Views;
			sourceTree = "<group>";
		};
		897C93962F11436D00F0C51B = {
			isa = PBXGroup;
			children = (
				897C93A12F11436D00F0C51B /* CleanTrack2.0 */,
				89386ED32F11524200150F64 /* Views */,
				897C93A02F11436D00F0C51B /* Products */,
			);
			sourceTree = "<group>";
		};
		897C93A02F11436D00F0C51B /* Products */ = {
			isa = PBXGroup;
			children = (
				897C939F2F11436D00F0C51B /* CleanTrack2.app */,
			);
			name = Products;
			sourceTree = "<group>";
		};
/* End PBXGroup section */

/* Begin PBXNativeTarget section */
		897C939E2F11436D00F0C51B /* CleanTrack2 */ = {
			isa = PBXNativeTarget;
			buildConfigurationList = 897C93AA2F11436F00F0C51B /* Build configuration list for PBXNativeTarget "CleanTrack2" */;
			buildPhases = (
				897C939B2F11436D00F0C51B /* Sources */,
				897C939C2F11436D00F0C51B /* Frameworks */,
				897C939D2F11436D00F0C51B /* Resources */,
			);
			buildRules = (
			);
			dependencies = (
			);
			fileSystemSynchronizedGroups = (
				897C93A12F11436D00F0C51B /* CleanTrack2.0 */,
			);
			name = CleanTrack2;
			packageProductDependencies = (
				897C93BB2F114D2500F0C51B /* FirebaseAuth */,
				897C93BD2F114D2500F0C51B /* FirebaseDatabase */,
				89386EE02F11763400150F64 /* FirebaseFirestore */,
			);
			productName = CleanTrack2.0;
			productReference = 897C939F2F11436D00F0C51B /* CleanTrack2.app */;
			productType = "com.apple.product-type.application";
		};
/* End PBXNativeTarget section */

/* Begin PBXProject section */
		897C93972F11436D00F0C51B /* Project object */ = {
			isa = PBXProject;
			attributes = {
				BuildIndependentTargetsInParallel = 1;
				LastSwiftUpdateCheck = 1640;
				LastUpgradeCheck = 1640;
				TargetAttributes = {
					897C939E2F11436D00F0C51B = {
						CreatedOnToolsVersion = 16.4;
					};
				};
			};
			buildConfigurationList = 897C939A2F11436D00F0C51B /* Build configuration list for PBXProject "CleanTrack2" */;
			developmentRegion = en;
			hasScannedForEncodings = 0;
			knownRegions = (
				en,
				Base,
			);
			mainGroup = 897C93962F11436D00F0C51B;
			minimizedProjectReferenceProxies = 1;
			packageReferences = (
				897C93BA2F114D2500F0C51B /* XCRemoteSwiftPackageReference "firebase-ios-sdk" */,
			);
			preferredProjectObjectVersion = 77;
			productRefGroup = 897C93A02F11436D00F0C51B /* Products */;
			projectDirPath = "";
			projectRoot = "";
			targets = (
				897C939E2F11436D00F0C51B /* CleanTrack2 */,
			);
		};
/* End PBXProject section */

/* Begin PBXResourcesBuildPhase section */
		897C939D2F11436D00F0C51B /* Resources */ = {
			isa = PBXResourcesBuildPhase;
			buildActionMask = 2147483647;
			files = (
			);
			runOnlyForDeploymentPostprocessing = 0;
		};
/* End PBXResourcesBuildPhase section */

/* Begin PBXSourcesBuildPhase section */
		897C939B2F11436D00F0C51B /* Sources */ = {
			isa = PBXSourcesBuildPhase;
			buildActionMask = 2147483647;
			files = (
				89386ED92F1155E500150F64 /* RegisterView.swift in Sources */,
				89386EDD2F1167A300150F64 /* HomeView.swift in Sources */,
				898B7C2B2F1A769200F8460D /* BuildingSaving.swift in Sources */,
				898B7C2F2F1A769500F8460D /* MockBuildingSaver.swift in Sources */,
				89386ED72F11534E00150F64 /* LoginView.swift in Sources */,
				898B7C292F1A769100F8460D /* AddBuildingView 2.swift in Sources */,
				898B7C2D2F1A769400F8460D /* FirebaseBuildingSaver.swift in Sources */,
			);
			runOnlyForDeploymentPostprocessing = 0;
		};
/* End PBXSourcesBuildPhase section */

/* Begin XCBuildConfiguration section */
		897C93A82F11436F00F0C51B /* Debug */ = {
			isa = XCBuildConfiguration;
			buildSettings = {
				ALWAYS_SEARCH_USER_PATHS = NO;
				ASSETCATALOG_COMPILER_GENERATE_SWIFT_ASSET_SYMBOL_EXTENSIONS = YES;
				CLANG_ANALYZER_NONNULL = YES;
				CLANG_ANALYZER_NUMBER_OBJECT_CONVERSION = YES_AGGRESSIVE;
				CLANG_CXX_LANGUAGE_STANDARD = "gnu++20";
				CLANG_ENABLE_MODULES = YES;
				CLANG_ENABLE_OBJC_ARC = YES;
				CLANG_ENABLE_OBJC_WEAK = YES;
				CLANG_WARN_BLOCK_CAPTURE_AUTORELEASING = YES;
				CLANG_WARN_BOOL_CONVERSION = YES;
				CLANG_WARN_COMMA = YES;
				CLANG_WARN_CONSTANT_CONVERSION = YES;
				CLANG_WARN_DEPRECATED_OBJC_IMPLEMENTATIONS = YES;
				CLANG_WARN_DIRECT_OBJC_ISA_USAGE = YES_ERROR;
				CLANG_WARN_DOCUMENTATION_COMMENTS = YES;
				CLANG_WARN_EMPTY_BODY = YES;
				CLANG_WARN_ENUM_CONVERSION = YES;
				CLANG_WARN_INFINITE_RECURSION = YES;
				CLANG_WARN_INT_CONVERSION = YES;
				CLANG_WARN_NON_LITERAL_NULL_CONVERSION = YES;
				CLANG_WARN_OBJC_IMPLICIT_RETAIN_SELF = YES;
				CLANG_WARN_OBJC_LITERAL_CONVERSION = YES;
				CLANG_WARN_OBJC_ROOT_CLASS = YES_ERROR;
				CLANG_WARN_QUOTED_INCLUDE_IN_FRAMEWORK_HEADER = YES;
				CLANG_WARN_RANGE_LOOP_ANALYSIS = YES;
				CLANG_WARN_STRICT_PROTOTYPES = YES;
				CLANG_WARN_SUSPICIOUS_MOVE = YES;
				CLANG_WARN_UNGUARDED_AVAILABILITY = YES_AGGRESSIVE;
				CLANG_WARN_UNREACHABLE_CODE = YES;
				CLANG_WARN__DUPLICATE_METHOD_MATCH = YES;
				COPY_PHASE_STRIP = NO;
				DEBUG_INFORMATION_FORMAT = dwarf;
				DEVELOPMENT_TEAM = 39AM9Z5UCD;
				ENABLE_STRICT_OBJC_MSGSEND = YES;
				ENABLE_TESTABILITY = YES;
				ENABLE_USER_SCRIPT_SANDBOXING = YES;
				GCC_C_LANGUAGE_STANDARD = gnu17;
				GCC_DYNAMIC_NO_PIC = NO;
				GCC_NO_COMMON_BLOCKS = YES;
				GCC_OPTIMIZATION_LEVEL = 0;
				GCC_PREPROCESSOR_DEFINITIONS = (
					"DEBUG=1",
					"$(inherited)",
				);
				GCC_WARN_64_TO_32_BIT_CONVERSION = YES;
				GCC_WARN_ABOUT_RETURN_TYPE = YES_ERROR;
				GCC_WARN_UNDECLARED_SELECTOR = YES;
				GCC_WARN_UNINITIALIZED_AUTOS = YES_AGGRESSIVE;
				GCC_WARN_UNUSED_FUNCTION = YES;
				GCC_WARN_UNUSED_VARIABLE = YES;
				IPHONEOS_DEPLOYMENT_TARGET = 18.5;
				LOCALIZATION_PREFERS_STRING_CATALOGS = YES;
				MTL_ENABLE_DEBUG_INFO = INCLUDE_SOURCE;
				MTL_FAST_MATH = YES;
				ONLY_ACTIVE_ARCH = YES;
				SDKROOT = iphoneos;
				SWIFT_ACTIVE_COMPILATION_CONDITIONS = "DEBUG $(inherited)";
				SWIFT_OPTIMIZATION_LEVEL = "-Onone";
			};
			name = Debug;
		};
		897C93A92F11436F00F0C51B /* Release */ = {
			isa = XCBuildConfiguration;
			buildSettings = {
				ALWAYS_SEARCH_USER_PATHS = NO;
				ASSETCATALOG_COMPILER_GENERATE_SWIFT_ASSET_SYMBOL_EXTENSIONS = YES;
				CLANG_ANALYZER_NONNULL = YES;
				CLANG_ANALYZER_NUMBER_OBJECT_CONVERSION = YES_AGGRESSIVE;
				CLANG_CXX_LANGUAGE_STANDARD = "gnu++20";
				CLANG_ENABLE_MODULES = YES;
				CLANG_ENABLE_OBJC_ARC = YES;
				CLANG_ENABLE_OBJC_WEAK = YES;
				CLANG_WARN_BLOCK_CAPTURE_AUTORELEASING = YES;
				CLANG_WARN_BOOL_CONVERSION = YES;
				CLANG_WARN_COMMA = YES;
				CLANG_WARN_CONSTANT_CONVERSION = YES;
				CLANG_WARN_DEPRECATED_OBJC_IMPLEMENTATIONS = YES;
				CLANG_WARN_DIRECT_OBJC_ISA_USAGE = YES_ERROR;
				CLANG_WARN_DOCUMENTATION_COMMENTS = YES;
				CLANG_WARN_EMPTY_BODY = YES;
				CLANG_WARN_ENUM_CONVERSION = YES;
				CLANG_WARN_INFINITE_RECURSION = YES;
				CLANG_WARN_INT_CONVERSION = YES;
				CLANG_WARN_NON_LITERAL_NULL_CONVERSION = YES;
				CLANG_WARN_OBJC_IMPLICIT_RETAIN_SELF = YES;
				CLANG_WARN_OBJC_LITERAL_CONVERSION = YES;
				CLANG_WARN_OBJC_ROOT_CLASS = YES_ERROR;
				CLANG_WARN_QUOTED_INCLUDE_IN_FRAMEWORK_HEADER = YES;
				CLANG_WARN_RANGE_LOOP_ANALYSIS = YES;
				CLANG_WARN_STRICT_PROTOTYPES = YES;
				CLANG_WARN_SUSPICIOUS_MOVE = YES;
				CLANG_WARN_UNGUARDED_AVAILABILITY = YES_AGGRESSIVE;
				CLANG_WARN_UNREACHABLE_CODE = YES;
				CLANG_WARN__DUPLICATE_METHOD_MATCH = YES;
				COPY_PHASE_STRIP = NO;
				DEBUG_INFORMATION_FORMAT = "dwarf-with-dsym";
				DEVELOPMENT_TEAM = 39AM9Z5UCD;
				ENABLE_NS_ASSERTIONS = NO;
				ENABLE_STRICT_OBJC_MSGSEND = YES;
				ENABLE_USER_SCRIPT_SANDBOXING = YES;
				GCC_C_LANGUAGE_STANDARD = gnu17;
				GCC_NO_COMMON_BLOCKS = YES;
				GCC_WARN_64_TO_32_BIT_CONVERSION = YES;
				GCC_WARN_ABOUT_RETURN_TYPE = YES_ERROR;
				GCC_WARN_UNDECLARED_SELECTOR = YES;
				GCC_WARN_UNINITIALIZED_AUTOS = YES_AGGRESSIVE;
				GCC_WARN_UNUSED_FUNCTION = YES;
				GCC_WARN_UNUSED_VARIABLE = YES;
				IPHONEOS_DEPLOYMENT_TARGET = 18.5;
				LOCALIZATION_PREFERS_STRING_CATALOGS = YES;
				MTL_ENABLE_DEBUG_INFO = NO;
				MTL_FAST_MATH = YES;
				SDKROOT = iphoneos;
				SWIFT_COMPILATION_MODE = wholemodule;
				VALIDATE_PRODUCT = YES;
			};
			name = Release;
		};
		897C93AB2F11436F00F0C51B /* Debug */ = {
			isa = XCBuildConfiguration;
			buildSettings = {
				ASSETCATALOG_COMPILER_APPICON_NAME = AppIcon;
				ASSETCATALOG_COMPILER_GLOBAL_ACCENT_COLOR_NAME = AccentColor;
				CODE_SIGN_STYLE = Automatic;
				CURRENT_PROJECT_VERSION = 1;
				DEVELOPMENT_TEAM = 39AM9Z5UCD;
				ENABLE_PREVIEWS = YES;
				GENERATE_INFOPLIST_FILE = YES;
				INFOPLIST_KEY_UIApplicationSceneManifest_Generation = YES;
				INFOPLIST_KEY_UIApplicationSupportsIndirectInputEvents = YES;
				INFOPLIST_KEY_UILaunchScreen_Generation = YES;
				INFOPLIST_KEY_UISupportedInterfaceOrientations_iPad = "UIInterfaceOrientationPortrait UIInterfaceOrientationPortraitUpsideDown UIInterfaceOrientationLandscapeLeft UIInterfaceOrientationLandscapeRight";
				INFOPLIST_KEY_UISupportedInterfaceOrientations_iPhone = "UIInterfaceOrientationPortrait UIInterfaceOrientationLandscapeLeft UIInterfaceOrientationLandscapeRight";
				LD_RUNPATH_SEARCH_PATHS = (
					"$(inherited)",
					"@executable_path/Frameworks",
				);
				MARKETING_VERSION = 1.0;
				PRODUCT_BUNDLE_IDENTIFIER = "com.CleanTrack2-0";
				PRODUCT_NAME = "$(TARGET_NAME)";
				SWIFT_EMIT_LOC_STRINGS = YES;
				SWIFT_VERSION = 5.0;
				TARGETED_DEVICE_FAMILY = "1,2";
			};
			name = Debug;
		};
		897C93AC2F11436F00F0C51B /* Release */ = {
			isa = XCBuildConfiguration;
			buildSettings = {
				ASSETCATALOG_COMPILER_APPICON_NAME = AppIcon;
				ASSETCATALOG_COMPILER_GLOBAL_ACCENT_COLOR_NAME = AccentColor;
				CODE_SIGN_STYLE = Automatic;
				CURRENT_PROJECT_VERSION = 1;
				DEVELOPMENT_TEAM = 39AM9Z5UCD;
				ENABLE_PREVIEWS = YES;
				GENERATE_INFOPLIST_FILE = YES;
				INFOPLIST_KEY_UIApplicationSceneManifest_Generation = YES;
				INFOPLIST_KEY_UIApplicationSupportsIndirectInputEvents = YES;
				INFOPLIST_KEY_UILaunchScreen_Generation = YES;
				INFOPLIST_KEY_UISupportedInterfaceOrientations_iPad = "UIInterfaceOrientationPortrait UIInterfaceOrientationPortraitUpsideDown UIInterfaceOrientationLandscapeLeft UIInterfaceOrientationLandscapeRight";
				INFOPLIST_KEY_UISupportedInterfaceOrientations_iPhone = "UIInterfaceOrientationPortrait UIInterfaceOrientationLandscapeLeft UIInterfaceOrientationLandscapeRight";
				LD_RUNPATH_SEARCH_PATHS = (
					"$(inherited)",
					"@executable_path/Frameworks",
				);
				MARKETING_VERSION = 1.0;
				PRODUCT_BUNDLE_IDENTIFIER = "com.CleanTrack2-0";
				PRODUCT_NAME = "$(TARGET_NAME)";
				SWIFT_EMIT_LOC_STRINGS = YES;
				SWIFT_VERSION = 5.0;
				TARGETED_DEVICE_FAMILY = "1,2";
			};
			name = Release;
		};
/* End XCBuildConfiguration section */

/* Begin XCConfigurationList section */
		897C939A2F11436D00F0C51B /* Build configuration list for PBXProject "CleanTrack2" */ = {
			isa = XCConfigurationList;
			buildConfigurations = (
				897C93A82F11436F00F0C51B /* Debug */,
				897C93A92F11436F00F0C51B /* Release */,
			);
			defaultConfigurationIsVisible = 0;
			defaultConfigurationName = Release;
		};
		897C93AA2F11436F00F0C51B /* Build configuration list for PBXNativeTarget "CleanTrack2" */ = {
			isa = XCConfigurationList;
			buildConfigurations = (
				897C93AB2F11436F00F0C51B /* Debug */,
				897C93AC2F11436F00F0C51B /* Release */,
			);
			defaultConfigurationIsVisible = 0;
			defaultConfigurationName = Release;
		};
/* End XCConfigurationList section */

/* Begin XCRemoteSwiftPackageReference section */
		897C93BA2F114D2500F0C51B /* XCRemoteSwiftPackageReference "firebase-ios-sdk" */ = {
			isa = XCRemoteSwiftPackageReference;
			repositoryURL = "https://github.com/firebase/firebase-ios-sdk";
			requirement = {
				kind = upToNextMajorVersion;
				minimumVersion = 12.7.0;
			};
		};
/* End XCRemoteSwiftPackageReference section */

/* Begin XCSwiftPackageProductDependency section */
		89386EE02F11763400150F64 /* FirebaseFirestore */ = {
			isa = XCSwiftPackageProductDependency;
			package = 897C93BA2F114D2500F0C51B /* XCRemoteSwiftPackageReference "firebase-ios-sdk" */;
			productName = FirebaseFirestore;
		};
		897C93BB2F114D2500F0C51B /* FirebaseAuth */ = {
			isa = XCSwiftPackageProductDependency;
			package = 897C93BA2F114D2500F0C51B /* XCRemoteSwiftPackageReference "firebase-ios-sdk" */;
			productName = FirebaseAuth;
		};
		897C93BD2F114D2500F0C51B /* FirebaseDatabase */ = {
			isa = XCSwiftPackageProductDependency;
			package = 897C93BA2F114D2500F0C51B /* XCRemoteSwiftPackageReference "firebase-ios-sdk" */;
			productName = FirebaseDatabase;
		};
/* End XCSwiftPackageProductDependency section */
	};
	rootObject = 897C93972F11436D00F0C51B /* Project object */;
}
